
Microsoft Visual Studio Solution File, Format Version 12.00
# Visual Studio 2013
VisualStudioVersion = 12.0.31101.0
MinimumVisualStudioVersion = 10.0.40219.1
Project("{FAE04EC0-301F-11D3-BF4B-00C04F79EFBC}") = "BlankSpace.Web", "BlankSpace\BlankSpace.Web.csproj", "{3E6EB172-0633-426A-A361-57B579DB6350}"
EndProject
Project("{FAE04EC0-301F-11D3-BF4B-00C04F79EFBC}") = "BlankSpace.Models", "BlankSpace.Models\BlankSpace.Models.csproj", "{162E412B-8124-41C7-B415-C9559103CAB7}"
EndProject
Project("{FAE04EC0-301F-11D3-BF4B-00C04F79EFBC}") = "BlankSpace.DataAccess", "BlankSpace.DataAccess\BlankSpace.DataAccess.csproj", "{2A8963B2-701C-4421-A70C-9E8F6816562B}"
EndProject
Global
	GlobalSection(SolutionConfigurationPlatforms) = preSolution
		Debug|Any CPU = Debug|Any CPU
		Release|Any CPU = Release|Any CPU
	EndGlobalSection
	GlobalSection(ProjectConfigurationPlatforms) = postSolution
		{3E6EB172-0633-426A-A361-57B579DB6350}.Debug|Any CPU.ActiveCfg = Debug|Any CPU
		{3E6EB172-0633-426A-A361-57B579DB6350}.Debug|Any CPU.Build.0 = Debug|Any CPU
		{3E6EB172-0633-426A-A361-57B579DB6350}.Release|Any CPU.ActiveCfg = Release|Any CPU
		{3E6EB172-0633-426A-A361-57B579DB6350}.Release|Any CPU.Build.0 = Release|Any CPU
		{162E412B-8124-41C7-B415-C9559103CAB7}.Debug|Any CPU.ActiveCfg = Debug|Any CPU
		{162E412B-8124-41C7-B415-C9559103CAB7}.Debug|Any CPU.Build.0 = Debug|Any CPU
		{162E412B-8124-41C7-B415-C9559103CAB7}.Release|Any CPU.ActiveCfg = Release|Any CPU
		{162E412B-8124-41C7-B415-C9559103CAB7}.Release|Any CPU.Build.0 = Release|Any CPU
		{2A8963B2-701C-4421-A70C-9E8F6816562B}.Debug|Any CPU.ActiveCfg = Debug|Any CPU
		{2A8963B2-701C-4421-A70C-9E8F6816562B}.Debug|Any CPU.Build.0 = Debug|Any CPU
		{2A8963B2-701C-4421-A70C-9E8F6816562B}.Release|Any CPU.ActiveCfg = Release|Any CPU
		{2A8963B2-701C-4421-A70C-9E8F6816562B}.Release|Any CPU.Build.0 = Release|Any CPU
	EndGlobalSection
	GlobalSection(SolutionProperties) = preSolution
		HideSolutionNode = FALSE
	EndGlobalSection
EndGlobal
